// !$*UTF8*$!
{
	archiveVersion = 1;
	classes = {
	};
	objectVersion = 56;
	objects = {

/* Begin PBXBuildFile section */
		3B2B609D2BE224DF00DD6A20 /* CircleView.swift in Sources */ = {isa = PBXBuildFile; fileRef = 3B2B609C2BE224DF00DD6A20 /* CircleView.swift */; };
		3B749F422BD7ECD50029A3FF /* FingerSpelling-DataModel.xcdatamodeld in Sources */ = {isa = PBXBuildFile; fileRef = 3B749F402BD7ECD50029A3FF /* FingerSpelling-DataModel.xcdatamodeld */; };
		3B749F512BD7F0620029A3FF /* MulticastDelegate.swift in Sources */ = {isa = PBXBuildFile; fileRef = 3B749F502BD7F0620029A3FF /* MulticastDelegate.swift */; };
		3B749F532BD7F0D40029A3FF /* DatabaseProtocol.swift in Sources */ = {isa = PBXBuildFile; fileRef = 3B749F522BD7F0D40029A3FF /* DatabaseProtocol.swift */; };
		3B749F582BD7F1850029A3FF /* Settings+CoreDataClass.swift in Sources */ = {isa = PBXBuildFile; fileRef = 3B749F542BD7F1850029A3FF /* Settings+CoreDataClass.swift */; };
		3B749F592BD7F1850029A3FF /* Settings+CoreDataProperties.swift in Sources */ = {isa = PBXBuildFile; fileRef = 3B749F552BD7F1850029A3FF /* Settings+CoreDataProperties.swift */; };
		3B749F5A2BD7F1850029A3FF /* Entry+CoreDataClass.swift in Sources */ = {isa = PBXBuildFile; fileRef = 3B749F562BD7F1850029A3FF /* Entry+CoreDataClass.swift */; };
		3B749F5B2BD7F1850029A3FF /* Entry+CoreDataProperties.swift in Sources */ = {isa = PBXBuildFile; fileRef = 3B749F572BD7F1850029A3FF /* Entry+CoreDataProperties.swift */; };
		3B749F5D2BD7F2D50029A3FF /* CoreDataController.swift in Sources */ = {isa = PBXBuildFile; fileRef = 3B749F5C2BD7F2D50029A3FF /* CoreDataController.swift */; };
		3B8E25B72BD7E0B90037ECB9 /* HistoryController.swift in Sources */ = {isa = PBXBuildFile; fileRef = 3B8E25B62BD7E0B90037ECB9 /* HistoryController.swift */; };
		3B8E25B92BD7E0D30037ECB9 /* SettingsController.swift in Sources */ = {isa = PBXBuildFile; fileRef = 3B8E25B82BD7E0D30037ECB9 /* SettingsController.swift */; };
		3B9EBB0C2BB39D1B00F11B17 /* AppDelegate.swift in Sources */ = {isa = PBXBuildFile; fileRef = 3B9EBB0B2BB39D1B00F11B17 /* AppDelegate.swift */; };
		3B9EBB0E2BB39D1B00F11B17 /* SceneDelegate.swift in Sources */ = {isa = PBXBuildFile; fileRef = 3B9EBB0D2BB39D1B00F11B17 /* SceneDelegate.swift */; };
		3B9EBB102BB39D1B00F11B17 /* MainViewController.swift in Sources */ = {isa = PBXBuildFile; fileRef = 3B9EBB0F2BB39D1B00F11B17 /* MainViewController.swift */; };
		3B9EBB132BB39D1B00F11B17 /* Base in Resources */ = {isa = PBXBuildFile; fileRef = 3B9EBB122BB39D1B00F11B17 /* Base */; };
		3B9EBB152BB39D1D00F11B17 /* Assets.xcassets in Resources */ = {isa = PBXBuildFile; fileRef = 3B9EBB142BB39D1D00F11B17 /* Assets.xcassets */; };
		3B9EBB182BB39D1D00F11B17 /* Base in Resources */ = {isa = PBXBuildFile; fileRef = 3B9EBB172BB39D1D00F11B17 /* Base */; };
/* End PBXBuildFile section */

/* Begin PBXFileReference section */
		3B2B609C2BE224DF00DD6A20 /* CircleView.swift */ = {isa = PBXFileReference; lastKnownFileType = sourcecode.swift; path = CircleView.swift; sourceTree = "<group>"; };
		3B749F412BD7ECD50029A3FF /* FingerSpelling-DataModel.xcdatamodel */ = {isa = PBXFileReference; lastKnownFileType = wrapper.xcdatamodel; path = "FingerSpelling-DataModel.xcdatamodel"; sourceTree = "<group>"; };
		3B749F502BD7F0620029A3FF /* MulticastDelegate.swift */ = {isa = PBXFileReference; lastKnownFileType = sourcecode.swift; path = MulticastDelegate.swift; sourceTree = "<group>"; };
		3B749F522BD7F0D40029A3FF /* DatabaseProtocol.swift */ = {isa = PBXFileReference; lastKnownFileType = sourcecode.swift; path = DatabaseProtocol.swift; sourceTree = "<group>"; };
		3B749F542BD7F1850029A3FF /* Settings+CoreDataClass.swift */ = {isa = PBXFileReference; lastKnownFileType = sourcecode.swift; path = "Settings+CoreDataClass.swift"; sourceTree = SOURCE_ROOT; };
		3B749F552BD7F1850029A3FF /* Settings+CoreDataProperties.swift */ = {isa = PBXFileReference; lastKnownFileType = sourcecode.swift; path = "Settings+CoreDataProperties.swift"; sourceTree = SOURCE_ROOT; };
		3B749F562BD7F1850029A3FF /* Entry+CoreDataClass.swift */ = {isa = PBXFileReference; lastKnownFileType = sourcecode.swift; path = "Entry+CoreDataClass.swift"; sourceTree = SOURCE_ROOT; };
		3B749F572BD7F1850029A3FF /* Entry+CoreDataProperties.swift */ = {isa = PBXFileReference; lastKnownFileType = sourcecode.swift; path = "Entry+CoreDataProperties.swift"; sourceTree = SOURCE_ROOT; };
		3B749F5C2BD7F2D50029A3FF /* CoreDataController.swift */ = {isa = PBXFileReference; lastKnownFileType = sourcecode.swift; path = CoreDataController.swift; sourceTree = "<group>"; };
		3B8E25B62BD7E0B90037ECB9 /* HistoryController.swift */ = {isa = PBXFileReference; lastKnownFileType = sourcecode.swift; path = HistoryController.swift; sourceTree = "<group>"; };
		3B8E25B82BD7E0D30037ECB9 /* SettingsController.swift */ = {isa = PBXFileReference; lastKnownFileType = sourcecode.swift; path = SettingsController.swift; sourceTree = "<group>"; };
		3B9EBB082BB39D1B00F11B17 /* FingerSpelling.app */ = {isa = PBXFileReference; explicitFileType = wrapper.application; includeInIndex = 0; path = FingerSpelling.app; sourceTree = BUILT_PRODUCTS_DIR; };
		3B9EBB0B2BB39D1B00F11B17 /* AppDelegate.swift */ = {isa = PBXFileReference; lastKnownFileType = sourcecode.swift; path = AppDelegate.swift; sourceTree = "<group>"; };
		3B9EBB0D2BB39D1B00F11B17 /* SceneDelegate.swift */ = {isa = PBXFileReference; lastKnownFileType = sourcecode.swift; path = SceneDelegate.swift; sourceTree = "<group>"; };
		3B9EBB0F2BB39D1B00F11B17 /* MainViewController.swift */ = {isa = PBXFileReference; lastKnownFileType = sourcecode.swift; path = MainViewController.swift; sourceTree = "<group>"; };
		3B9EBB122BB39D1B00F11B17 /* Base */ = {isa = PBXFileReference; lastKnownFileType = file.storyboard; name = Base; path = Base.lproj/Main.storyboard; sourceTree = "<group>"; };
		3B9EBB142BB39D1D00F11B17 /* Assets.xcassets */ = {isa = PBXFileReference; lastKnownFileType = folder.assetcatalog; path = Assets.xcassets; sourceTree = "<group>"; };
		3B9EBB172BB39D1D00F11B17 /* Base */ = {isa = PBXFileReference; lastKnownFileType = file.storyboard; name = Base; path = Base.lproj/LaunchScreen.storyboard; sourceTree = "<group>"; };
		3B9EBB192BB39D1D00F11B17 /* Info.plist */ = {isa = PBXFileReference; lastKnownFileType = text.plist.xml; path = Info.plist; sourceTree = "<group>"; };
/* End PBXFileReference section */

/* Begin PBXFrameworksBuildPhase section */
		3B9EBB052BB39D1B00F11B17 /* Frameworks */ = {
			isa = PBXFrameworksBuildPhase;
			buildActionMask = 2147483647;
			files = (
			);
			runOnlyForDeploymentPostprocessing = 0;
		};
/* End PBXFrameworksBuildPhase section */

/* Begin PBXGroup section */
		3B749F3F2BD7ECA70029A3FF /* Data Model */ = {
			isa = PBXGroup;
			children = (
				3B749F542BD7F1850029A3FF /* Settings+CoreDataClass.swift */,
				3B749F552BD7F1850029A3FF /* Settings+CoreDataProperties.swift */,
				3B749F562BD7F1850029A3FF /* Entry+CoreDataClass.swift */,
				3B749F572BD7F1850029A3FF /* Entry+CoreDataProperties.swift */,
				3B749F402BD7ECD50029A3FF /* FingerSpelling-DataModel.xcdatamodeld */,
			);
			path = "Data Model";
			sourceTree = "<group>";
		};
		3B749F4F2BD7F01D0029A3FF /* Database */ = {
			isa = PBXGroup;
			children = (
				3B749F502BD7F0620029A3FF /* MulticastDelegate.swift */,
				3B749F522BD7F0D40029A3FF /* DatabaseProtocol.swift */,
				3B749F5C2BD7F2D50029A3FF /* CoreDataController.swift */,
			);
			path = Database;
			sourceTree = "<group>";
		};
		3B8E25B32BD7E0630037ECB9 /* Supporting */ = {
			isa = PBXGroup;
			children = (
				3B9EBB0B2BB39D1B00F11B17 /* AppDelegate.swift */,
				3B9EBB0D2BB39D1B00F11B17 /* SceneDelegate.swift */,
				3B9EBB112BB39D1B00F11B17 /* Main.storyboard */,
				3B9EBB142BB39D1D00F11B17 /* Assets.xcassets */,
				3B9EBB162BB39D1D00F11B17 /* LaunchScreen.storyboard */,
			);
			path = Supporting;
			sourceTree = "<group>";
		};
		3B9EBAFF2BB39D1B00F11B17 = {
			isa = PBXGroup;
			children = (
				3B9EBB0A2BB39D1B00F11B17 /* FingerSpelling */,
				3B9EBB092BB39D1B00F11B17 /* Products */,
			);
			sourceTree = "<group>";
		};
		3B9EBB092BB39D1B00F11B17 /* Products */ = {
			isa = PBXGroup;
			children = (
				3B9EBB082BB39D1B00F11B17 /* FingerSpelling.app */,
			);
			name = Products;
			sourceTree = "<group>";
		};
		3B9EBB0A2BB39D1B00F11B17 /* FingerSpelling */ = {
			isa = PBXGroup;
			children = (
				3B9EBB0F2BB39D1B00F11B17 /* MainViewController.swift */,
				3B8E25B62BD7E0B90037ECB9 /* HistoryController.swift */,
				3B8E25B82BD7E0D30037ECB9 /* SettingsController.swift */,
				3B749F3F2BD7ECA70029A3FF /* Data Model */,
				3B749F4F2BD7F01D0029A3FF /* Database */,
				3B8E25B32BD7E0630037ECB9 /* Supporting */,
				3B9EBB192BB39D1D00F11B17 /* Info.plist */,
				3B2B609C2BE224DF00DD6A20 /* CircleView.swift */,
			);
			path = FingerSpelling;
			sourceTree = "<group>";
		};
/* End PBXGroup section */

/* Begin PBXNativeTarget section */
		3B9EBB072BB39D1B00F11B17 /* FingerSpelling */ = {
			isa = PBXNativeTarget;
			buildConfigurationList = 3B9EBB1C2BB39D1D00F11B17 /* Build configuration list for PBXNativeTarget "FingerSpelling" */;
			buildPhases = (
				3B9EBB042BB39D1B00F11B17 /* Sources */,
				3B9EBB052BB39D1B00F11B17 /* Frameworks */,
				3B9EBB062BB39D1B00F11B17 /* Resources */,
			);
			buildRules = (
			);
			dependencies = (
			);
			name = FingerSpelling;
			productName = FingerSpelling;
			productReference = 3B9EBB082BB39D1B00F11B17 /* FingerSpelling.app */;
			productType = "com.apple.product-type.application";
		};
/* End PBXNativeTarget section */

/* Begin PBXProject section */
		3B9EBB002BB39D1B00F11B17 /* Project object */ = {
			isa = PBXProject;
			attributes = {
				BuildIndependentTargetsInParallel = 1;
				LastSwiftUpdateCheck = 1530;
				LastUpgradeCheck = 1530;
				TargetAttributes = {
					3B9EBB072BB39D1B00F11B17 = {
						CreatedOnToolsVersion = 15.3;
					};
				};
			};
			buildConfigurationList = 3B9EBB032BB39D1B00F11B17 /* Build configuration list for PBXProject "FingerSpelling" */;
			compatibilityVersion = "Xcode 14.0";
			developmentRegion = en;
			hasScannedForEncodings = 0;
			knownRegions = (
				en,
				Base,
			);
			mainGroup = 3B9EBAFF2BB39D1B00F11B17;
			productRefGroup = 3B9EBB092BB39D1B00F11B17 /* Products */;
			projectDirPath = "";
			projectRoot = "";
			targets = (
				3B9EBB072BB39D1B00F11B17 /* FingerSpelling */,
			);
		};
/* End PBXProject section */

/* Begin PBXResourcesBuildPhase section */
		3B9EBB062BB39D1B00F11B17 /* Resources */ = {
			isa = PBXResourcesBuildPhase;
			buildActionMask = 2147483647;
			files = (
				3B9EBB152BB39D1D00F11B17 /* Assets.xcassets in Resources */,
				3B9EBB182BB39D1D00F11B17 /* Base in Resources */,
				3B9EBB132BB39D1B00F11B17 /* Base in Resources */,
			);
			runOnlyForDeploymentPostprocessing = 0;
		};
/* End PBXResourcesBuildPhase section */

/* Begin PBXSourcesBuildPhase section */
		3B9EBB042BB39D1B00F11B17 /* Sources */ = {
			isa = PBXSourcesBuildPhase;
			buildActionMask = 2147483647;
			files = (
				3B749F422BD7ECD50029A3FF /* FingerSpelling-DataModel.xcdatamodeld in Sources */,
				3B749F582BD7F1850029A3FF /* Settings+CoreDataClass.swift in Sources */,
				3B749F592BD7F1850029A3FF /* Settings+CoreDataProperties.swift in Sources */,
				3B749F5A2BD7F1850029A3FF /* Entry+CoreDataClass.swift in Sources */,
				3B749F5B2BD7F1850029A3FF /* Entry+CoreDataProperties.swift in Sources */,
				3B8E25B92BD7E0D30037ECB9 /* SettingsController.swift in Sources */,
				3B749F532BD7F0D40029A3FF /* DatabaseProtocol.swift in Sources */,
				3B749F512BD7F0620029A3FF /* MulticastDelegate.swift in Sources */,
				3B749F5D2BD7F2D50029A3FF /* CoreDataController.swift in Sources */,
				3B8E25B72BD7E0B90037ECB9 /* HistoryController.swift in Sources */,
				3B9EBB102BB39D1B00F11B17 /* MainViewController.swift in Sources */,
				3B9EBB0C2BB39D1B00F11B17 /* AppDelegate.swift in Sources */,
				3B2B609D2BE224DF00DD6A20 /* CircleView.swift in Sources */,
				3B9EBB0E2BB39D1B00F11B17 /* SceneDelegate.swift in Sources */,
			);
			runOnlyForDeploymentPostprocessing = 0;
		};
/* End PBXSourcesBuildPhase section */

/* Begin PBXVariantGroup section */
		3B9EBB112BB39D1B00F11B17 /* Main.storyboard */ = {
			isa = PBXVariantGroup;
			children = (
				3B9EBB122BB39D1B00F11B17 /* Base */,
			);
			name = Main.storyboard;
			sourceTree = "<group>";
		};
		3B9EBB162BB39D1D00F11B17 /* LaunchScreen.storyboard */ = {
			isa = PBXVariantGroup;
			children = (
				3B9EBB172BB39D1D00F11B17 /* Base */,
			);
			name = LaunchScreen.storyboard;
			sourceTree = "<group>";
		};
/* End PBXVariantGroup section */

/* Begin XCBuildConfiguration section */
		3B9EBB1A2BB39D1D00F11B17 /* Debug */ = {
			isa = XCBuildConfiguration;
			buildSettings = {
				ALWAYS_SEARCH_USER_PATHS = NO;
				ASSETCATALOG_COMPILER_GENERATE_SWIFT_ASSET_SYMBOL_EXTENSIONS = YES;
				CLANG_ANALYZER_NONNULL = YES;
				CLANG_ANALYZER_NUMBER_OBJECT_CONVERSION = YES_AGGRESSIVE;
				CLANG_CXX_LANGUAGE_STANDARD = "gnu++20";
				CLANG_ENABLE_MODULES = YES;
				CLANG_ENABLE_OBJC_ARC = YES;
				CLANG_ENABLE_OBJC_WEAK = YES;
				CLANG_WARN_BLOCK_CAPTURE_AUTORELEASING = YES;
				CLANG_WARN_BOOL_CONVERSION = YES;
				CLANG_WARN_COMMA = YES;
				CLANG_WARN_CONSTANT_CONVERSION = YES;
				CLANG_WARN_DEPRECATED_OBJC_IMPLEMENTATIONS = YES;
				CLANG_WARN_DIRECT_OBJC_ISA_USAGE = YES_ERROR;
				CLANG_WARN_DOCUMENTATION_COMMENTS = YES;
				CLANG_WARN_EMPTY_BODY = YES;
				CLANG_WARN_ENUM_CONVERSION = YES;
				CLANG_WARN_INFINITE_RECURSION = YES;
				CLANG_WARN_INT_CONVERSION = YES;
				CLANG_WARN_NON_LITERAL_NULL_CONVERSION = YES;
				CLANG_WARN_OBJC_IMPLICIT_RETAIN_SELF = YES;
				CLANG_WARN_OBJC_LITERAL_CONVERSION = YES;
				CLANG_WARN_OBJC_ROOT_CLASS = YES_ERROR;
				CLANG_WARN_QUOTED_INCLUDE_IN_FRAMEWORK_HEADER = YES;
				CLANG_WARN_RANGE_LOOP_ANALYSIS = YES;
				CLANG_WARN_STRICT_PROTOTYPES = YES;
				CLANG_WARN_SUSPICIOUS_MOVE = YES;
				CLANG_WARN_UNGUARDED_AVAILABILITY = YES_AGGRESSIVE;
				CLANG_WARN_UNREACHABLE_CODE = YES;
				CLANG_WARN__DUPLICATE_METHOD_MATCH = YES;
				COPY_PHASE_STRIP = NO;
				DEBUG_INFORMATION_FORMAT = dwarf;
				ENABLE_STRICT_OBJC_MSGSEND = YES;
				ENABLE_TESTABILITY = YES;
				ENABLE_USER_SCRIPT_SANDBOXING = YES;
				GCC_C_LANGUAGE_STANDARD = gnu17;
				GCC_DYNAMIC_NO_PIC = NO;
				GCC_NO_COMMON_BLOCKS = YES;
				GCC_OPTIMIZATION_LEVEL = 0;
				GCC_PREPROCESSOR_DEFINITIONS = (
					"DEBUG=1",
					"$(inherited)",
				);
				GCC_WARN_64_TO_32_BIT_CONVERSION = YES;
				GCC_WARN_ABOUT_RETURN_TYPE = YES_ERROR;
				GCC_WARN_UNDECLARED_SELECTOR = YES;
				GCC_WARN_UNINITIALIZED_AUTOS = YES_AGGRESSIVE;
				GCC_WARN_UNUSED_FUNCTION = YES;
				GCC_WARN_UNUSED_VARIABLE = YES;
				IPHONEOS_DEPLOYMENT_TARGET = 17.4;
				LOCALIZATION_PREFERS_STRING_CATALOGS = YES;
				MTL_ENABLE_DEBUG_INFO = INCLUDE_SOURCE;
				MTL_FAST_MATH = YES;
				ONLY_ACTIVE_ARCH = YES;
				SDKROOT = iphoneos;
				SWIFT_ACTIVE_COMPILATION_CONDITIONS = "DEBUG $(inherited)";
				SWIFT_OPTIMIZATION_LEVEL = "-Onone";
			};
			name = Debug;
		};
		3B9EBB1B2BB39D1D00F11B17 /* Release */ = {
			isa = XCBuildConfiguration;
			buildSettings = {
				ALWAYS_SEARCH_USER_PATHS = NO;
				ASSETCATALOG_COMPILER_GENERATE_SWIFT_ASSET_SYMBOL_EXTENSIONS = YES;
				CLANG_ANALYZER_NONNULL = YES;
				CLANG_ANALYZER_NUMBER_OBJECT_CONVERSION = YES_AGGRESSIVE;
				CLANG_CXX_LANGUAGE_STANDARD = "gnu++20";
				CLANG_ENABLE_MODULES = YES;
				CLANG_ENABLE_OBJC_ARC = YES;
				CLANG_ENABLE_OBJC_WEAK = YES;
				CLANG_WARN_BLOCK_CAPTURE_AUTORELEASING = YES;
				CLANG_WARN_BOOL_CONVERSION = YES;
				CLANG_WARN_COMMA = YES;
				CLANG_WARN_CONSTANT_CONVERSION = YES;
				CLANG_WARN_DEPRECATED_OBJC_IMPLEMENTATIONS = YES;
				CLANG_WARN_DIRECT_OBJC_ISA_USAGE = YES_ERROR;
				CLANG_WARN_DOCUMENTATION_COMMENTS = YES;
				CLANG_WARN_EMPTY_BODY = YES;
				CLANG_WARN_ENUM_CONVERSION = YES;
				CLANG_WARN_INFINITE_RECURSION = YES;
				CLANG_WARN_INT_CONVERSION = YES;
				CLANG_WARN_NON_LITERAL_NULL_CONVERSION = YES;
				CLANG_WARN_OBJC_IMPLICIT_RETAIN_SELF = YES;
				CLANG_WARN_OBJC_LITERAL_CONVERSION = YES;
				CLANG_WARN_OBJC_ROOT_CLASS = YES_ERROR;
				CLANG_WARN_QUOTED_INCLUDE_IN_FRAMEWORK_HEADER = YES;
				CLANG_WARN_RANGE_LOOP_ANALYSIS = YES;
				CLANG_WARN_STRICT_PROTOTYPES = YES;
				CLANG_WARN_SUSPICIOUS_MOVE = YES;
				CLANG_WARN_UNGUARDED_AVAILABILITY = YES_AGGRESSIVE;
				CLANG_WARN_UNREACHABLE_CODE = YES;
				CLANG_WARN__DUPLICATE_METHOD_MATCH = YES;
				COPY_PHASE_STRIP = NO;
				DEBUG_INFORMATION_FORMAT = "dwarf-with-dsym";
				ENABLE_NS_ASSERTIONS = NO;
				ENABLE_STRICT_OBJC_MSGSEND = YES;
				ENABLE_USER_SCRIPT_SANDBOXING = YES;
				GCC_C_LANGUAGE_STANDARD = gnu17;
				GCC_NO_COMMON_BLOCKS = YES;
				GCC_WARN_64_TO_32_BIT_CONVERSION = YES;
				GCC_WARN_ABOUT_RETURN_TYPE = YES_ERROR;
				GCC_WARN_UNDECLARED_SELECTOR = YES;
				GCC_WARN_UNINITIALIZED_AUTOS = YES_AGGRESSIVE;
				GCC_WARN_UNUSED_FUNCTION = YES;
				GCC_WARN_UNUSED_VARIABLE = YES;
				IPHONEOS_DEPLOYMENT_TARGET = 17.4;
				LOCALIZATION_PREFERS_STRING_CATALOGS = YES;
				MTL_ENABLE_DEBUG_INFO = NO;
				MTL_FAST_MATH = YES;
				SDKROOT = iphoneos;
				SWIFT_COMPILATION_MODE = wholemodule;
				VALIDATE_PRODUCT = YES;
			};
			name = Release;
		};
		3B9EBB1D2BB39D1D00F11B17 /* Debug */ = {
			isa = XCBuildConfiguration;
			buildSettings = {
				ASSETCATALOG_COMPILER_APPICON_NAME = AppIcon;
				ASSETCATALOG_COMPILER_GLOBAL_ACCENT_COLOR_NAME = AccentColor;
				CODE_SIGN_STYLE = Automatic;
				CURRENT_PROJECT_VERSION = 1;
				DEVELOPMENT_TEAM = Q4UJNTH9LA;
				GENERATE_INFOPLIST_FILE = YES;
				INFOPLIST_FILE = FingerSpelling/Info.plist;
				INFOPLIST_KEY_UIApplicationSupportsIndirectInputEvents = YES;
				INFOPLIST_KEY_UILaunchStoryboardName = LaunchScreen;
				INFOPLIST_KEY_UIMainStoryboardFile = Main;
				INFOPLIST_KEY_UISupportedInterfaceOrientations_iPad = "UIInterfaceOrientationPortrait UIInterfaceOrientationPortraitUpsideDown UIInterfaceOrientationLandscapeLeft UIInterfaceOrientationLandscapeRight";
				INFOPLIST_KEY_UISupportedInterfaceOrientations_iPhone = "UIInterfaceOrientationPortrait UIInterfaceOrientationLandscapeLeft UIInterfaceOrientationLandscapeRight";
				LD_RUNPATH_SEARCH_PATHS = (
					"$(inherited)",
					"@executable_path/Frameworks",
				);
				MARKETING_VERSION = 1.0;
				PRODUCT_BUNDLE_IDENTIFIER = edu.monash.FingerSpelling;
				PRODUCT_NAME = "$(TARGET_NAME)";
				SWIFT_EMIT_LOC_STRINGS = YES;
				SWIFT_VERSION = 5.0;
				TARGETED_DEVICE_FAMILY = "1,2";
			};
			name = Debug;
		};
		3B9EBB1E2BB39D1D00F11B17 /* Release */ = {
			isa = XCBuildConfiguration;
			buildSettings = {
				ASSETCATALOG_COMPILER_APPICON_NAME = AppIcon;
				ASSETCATALOG_COMPILER_GLOBAL_ACCENT_COLOR_NAME = AccentColor;
				CODE_SIGN_STYLE = Automatic;
				CURRENT_PROJECT_VERSION = 1;
				DEVELOPMENT_TEAM = Q4UJNTH9LA;
				GENERATE_INFOPLIST_FILE = YES;
				INFOPLIST_FILE = FingerSpelling/Info.plist;
				INFOPLIST_KEY_UIApplicationSupportsIndirectInputEvents = YES;
				INFOPLIST_KEY_UILaunchStoryboardName = LaunchScreen;
				INFOPLIST_KEY_UIMainStoryboardFile = Main;
				INFOPLIST_KEY_UISupportedInterfaceOrientations_iPad = "UIInterfaceOrientationPortrait UIInterfaceOrientationPortraitUpsideDown UIInterfaceOrientationLandscapeLeft UIInterfaceOrientationLandscapeRight";
				INFOPLIST_KEY_UISupportedInterfaceOrientations_iPhone = "UIInterfaceOrientationPortrait UIInterfaceOrientationLandscapeLeft UIInterfaceOrientationLandscapeRight";
				LD_RUNPATH_SEARCH_PATHS = (
					"$(inherited)",
					"@executable_path/Frameworks",
				);
				MARKETING_VERSION = 1.0;
				PRODUCT_BUNDLE_IDENTIFIER = edu.monash.FingerSpelling;
				PRODUCT_NAME = "$(TARGET_NAME)";
				SWIFT_EMIT_LOC_STRINGS = YES;
				SWIFT_VERSION = 5.0;
				TARGETED_DEVICE_FAMILY = "1,2";
			};
			name = Release;
		};
/* End XCBuildConfiguration section */

/* Begin XCConfigurationList section */
		3B9EBB032BB39D1B00F11B17 /* Build configuration list for PBXProject "FingerSpelling" */ = {
			isa = XCConfigurationList;
			buildConfigurations = (
				3B9EBB1A2BB39D1D00F11B17 /* Debug */,
				3B9EBB1B2BB39D1D00F11B17 /* Release */,
			);
			defaultConfigurationIsVisible = 0;
			defaultConfigurationName = Release;
		};
		3B9EBB1C2BB39D1D00F11B17 /* Build configuration list for PBXNativeTarget "FingerSpelling" */ = {
			isa = XCConfigurationList;
			buildConfigurations = (
				3B9EBB1D2BB39D1D00F11B17 /* Debug */,
				3B9EBB1E2BB39D1D00F11B17 /* Release */,
			);
			defaultConfigurationIsVisible = 0;
			defaultConfigurationName = Release;
		};
/* End XCConfigurationList section */

/* Begin XCVersionGroup section */
		3B749F402BD7ECD50029A3FF /* FingerSpelling-DataModel.xcdatamodeld */ = {
			isa = XCVersionGroup;
			children = (
				3B749F412BD7ECD50029A3FF /* FingerSpelling-DataModel.xcdatamodel */,
			);
			currentVersion = 3B749F412BD7ECD50029A3FF /* FingerSpelling-DataModel.xcdatamodel */;
			name = "FingerSpelling-DataModel.xcdatamodeld";
			path = "/Users/shreshthsaharan/Documents/Monash/FIT4701/FingerSpelling/FingerSpelling/Data Model/FingerSpelling-DataModel.xcdatamodeld";
			sourceTree = "<group>";
			versionGroupType = wrapper.xcdatamodel;
		};
/* End XCVersionGroup section */
	};
	rootObject = 3B9EBB002BB39D1B00F11B17 /* Project object */;
}
